
Microsoft Visual Studio Solution File, Format Version 12.00
# Visual Studio Version 17
VisualStudioVersion = 17.5.33424.131
MinimumVisualStudioVersion = 10.0.40219.1
Project("{8BC9CEB8-8B4A-11D0-8D11-00A0C91BC942}") = "PA08-TwoWheel-inventory", "PA08-TwoWheel-inventory.vcxproj", "{1578AFB6-215A-4612-AAAA-6240F6E90432}"
EndProject
Global
	GlobalSection(SolutionConfigurationPlatforms) = preSolution
		Debug|x64 = Debug|x64
		Debug|x86 = Debug|x86
		Release|x64 = Release|x64
		Release|x86 = Release|x86
	EndGlobalSection
	GlobalSection(ProjectConfigurationPlatforms) = postSolution
		{1578AFB6-215A-4612-AAAA-6240F6E90432}.Debug|x64.ActiveCfg = Debug|x64
		{1578AFB6-215A-4612-AAAA-6240F6E90432}.Debug|x64.Build.0 = Debug|x64
		{1578AFB6-215A-4612-AAAA-6240F6E90432}.Debug|x86.ActiveCfg = Debug|Win32
		{1578AFB6-215A-4612-AAAA-6240F6E90432}.Debug|x86.Build.0 = Debug|Win32
		{1578AFB6-215A-4612-AAAA-6240F6E90432}.Release|x64.ActiveCfg = Release|x64
		{1578AFB6-215A-4612-AAAA-6240F6E90432}.Release|x64.Build.0 = Release|x64
		{1578AFB6-215A-4612-AAAA-6240F6E90432}.Release|x86.ActiveCfg = Release|Win32
		{1578AFB6-215A-4612-AAAA-6240F6E90432}.Release|x86.Build.0 = Release|Win32
	EndGlobalSection
	GlobalSection(SolutionProperties) = preSolution
		HideSolutionNode = FALSE
	EndGlobalSection
	GlobalSection(ExtensibilityGlobals) = postSolution
		SolutionGuid = {5B1EE6D7-6F64-4627-92EB-3A6F0C6481DC}
	EndGlobalSection
EndGlobal
